{
  "name": "vdsabev.com",
  "requires": true,
  "lockfileVersion": 1,
  "dependencies": {
    "firemail": {
      "version": "1.3.3",
      "resolved": "https://registry.npmjs.org/firemail/-/firemail-1.3.3.tgz",
      "integrity": "sha512-I2K3UfFXPxc6zit3vG3wyqxDDVJqw01DEDL1eGWFOnPwm5xrEEmhCygbVMicOe2DfYBQROR3h7fzqjR+ZaQcVA==",
      "requires": {
        "nodemailer": "4.1.3"
      }
    },
    "nodemailer": {
      "version": "4.1.3",
      "resolved": "https://registry.npmjs.org/nodemailer/-/nodemailer-4.1.3.tgz",
      "integrity": "sha512-MSljy3ZNtch/QBVOwUNfsMLe7PD5Pdda2FRIDGhWp3mfYGAXEyWN5nuT3UguScxEQP3T7a42ySQKEqNSX3Yazw=="
    }
  }
}
